// !$*UTF8*$!
{
	archiveVersion = 1;
	classes = {
	};
	objectVersion = 56;
	objects = {

/* Begin PBXBuildFile section */
		E7F8A40E2AE8DFEE00488F6A /* First_Try_AppApp.swift in Sources */ = {isa = PBXBuildFile; fileRef = E7F8A40D2AE8DFEE00488F6A /* First_Try_AppApp.swift */; };
		E7F8A4102AE8DFEE00488F6A /* ContentView.swift in Sources */ = {isa = PBXBuildFile; fileRef = E7F8A40F2AE8DFEE00488F6A /* ContentView.swift */; };
		E7F8A4122AE8DFEF00488F6A /* Assets.xcassets in Resources */ = {isa = PBXBuildFile; fileRef = E7F8A4112AE8DFEF00488F6A /* Assets.xcassets */; };
		E7F8A4152AE8DFEF00488F6A /* Preview Assets.xcassets in Resources */ = {isa = PBXBuildFile; fileRef = E7F8A4142AE8DFEF00488F6A /* Preview Assets.xcassets */; };
		E7F8A41F2AE8DFEF00488F6A /* First_Try_AppTests.swift in Sources */ = {isa = PBXBuildFile; fileRef = E7F8A41E2AE8DFEF00488F6A /* First_Try_AppTests.swift */; };
		E7F8A4292AE8DFEF00488F6A /* First_Try_AppUITests.swift in Sources */ = {isa = PBXBuildFile; fileRef = E7F8A4282AE8DFEF00488F6A /* First_Try_AppUITests.swift */; };
		E7F8A42B2AE8DFEF00488F6A /* First_Try_AppUITestsLaunchTests.swift in Sources */ = {isa = PBXBuildFile; fileRef = E7F8A42A2AE8DFEF00488F6A /* First_Try_AppUITestsLaunchTests.swift */; };
		E7F8A4462AEDFC9300488F6A /* ImagePickerController.swift in Sources */ = {isa = PBXBuildFile; fileRef = E7F8A4452AEDFC9300488F6A /* ImagePickerController.swift */; };
/* End PBXBuildFile section */

/* Begin PBXContainerItemProxy section */
		E7F8A41B2AE8DFEF00488F6A /* PBXContainerItemProxy */ = {
			isa = PBXContainerItemProxy;
			containerPortal = E7F8A4022AE8DFEE00488F6A /* Project object */;
			proxyType = 1;
			remoteGlobalIDString = E7F8A4092AE8DFEE00488F6A;
			remoteInfo = "First-Try-App";
		};
		E7F8A4252AE8DFEF00488F6A /* PBXContainerItemProxy */ = {
			isa = PBXContainerItemProxy;
			containerPortal = E7F8A4022AE8DFEE00488F6A /* Project object */;
			proxyType = 1;
			remoteGlobalIDString = E7F8A4092AE8DFEE00488F6A;
			remoteInfo = "First-Try-App";
		};
/* End PBXContainerItemProxy section */

/* Begin PBXFileReference section */
		E7F8A40A2AE8DFEE00488F6A /* First-Try-App.app */ = {isa = PBXFileReference; explicitFileType = wrapper.application; includeInIndex = 0; path = "First-Try-App.app"; sourceTree = BUILT_PRODUCTS_DIR; };
		E7F8A40D2AE8DFEE00488F6A /* First_Try_AppApp.swift */ = {isa = PBXFileReference; lastKnownFileType = sourcecode.swift; path = First_Try_AppApp.swift; sourceTree = "<group>"; };
		E7F8A40F2AE8DFEE00488F6A /* ContentView.swift */ = {isa = PBXFileReference; lastKnownFileType = sourcecode.swift; path = ContentView.swift; sourceTree = "<group>"; };
		E7F8A4112AE8DFEF00488F6A /* Assets.xcassets */ = {isa = PBXFileReference; lastKnownFileType = folder.assetcatalog; path = Assets.xcassets; sourceTree = "<group>"; };
		E7F8A4142AE8DFEF00488F6A /* Preview Assets.xcassets */ = {isa = PBXFileReference; lastKnownFileType = folder.assetcatalog; path = "Preview Assets.xcassets"; sourceTree = "<group>"; };
		E7F8A41A2AE8DFEF00488F6A /* First-Try-AppTests.xctest */ = {isa = PBXFileReference; explicitFileType = wrapper.cfbundle; includeInIndex = 0; path = "First-Try-AppTests.xctest"; sourceTree = BUILT_PRODUCTS_DIR; };
		E7F8A41E2AE8DFEF00488F6A /* First_Try_AppTests.swift */ = {isa = PBXFileReference; lastKnownFileType = sourcecode.swift; path = First_Try_AppTests.swift; sourceTree = "<group>"; };
		E7F8A4242AE8DFEF00488F6A /* First-Try-AppUITests.xctest */ = {isa = PBXFileReference; explicitFileType = wrapper.cfbundle; includeInIndex = 0; path = "First-Try-AppUITests.xctest"; sourceTree = BUILT_PRODUCTS_DIR; };
		E7F8A4282AE8DFEF00488F6A /* First_Try_AppUITests.swift */ = {isa = PBXFileReference; lastKnownFileType = sourcecode.swift; path = First_Try_AppUITests.swift; sourceTree = "<group>"; };
		E7F8A42A2AE8DFEF00488F6A /* First_Try_AppUITestsLaunchTests.swift */ = {isa = PBXFileReference; lastKnownFileType = sourcecode.swift; path = First_Try_AppUITestsLaunchTests.swift; sourceTree = "<group>"; };
		E7F8A4452AEDFC9300488F6A /* ImagePickerController.swift */ = {isa = PBXFileReference; lastKnownFileType = sourcecode.swift; path = ImagePickerController.swift; sourceTree = "<group>"; };
/* End PBXFileReference section */

/* Begin PBXFrameworksBuildPhase section */
		E7F8A4072AE8DFEE00488F6A /* Frameworks */ = {
			isa = PBXFrameworksBuildPhase;
			buildActionMask = 2147483647;
			files = (
			);
			runOnlyForDeploymentPostprocessing = 0;
		};
		E7F8A4172AE8DFEF00488F6A /* Frameworks */ = {
			isa = PBXFrameworksBuildPhase;
			buildActionMask = 2147483647;
			files = (
			);
			runOnlyForDeploymentPostprocessing = 0;
		};
		E7F8A4212AE8DFEF00488F6A /* Frameworks */ = {
			isa = PBXFrameworksBuildPhase;
			buildActionMask = 2147483647;
			files = (
			);
			runOnlyForDeploymentPostprocessing = 0;
		};
/* End PBXFrameworksBuildPhase section */

/* Begin PBXGroup section */
		E7F8A4012AE8DFEE00488F6A = {
			isa = PBXGroup;
			children = (
				E7F8A40C2AE8DFEE00488F6A /* First-Try-App */,
				E7F8A41D2AE8DFEF00488F6A /* First-Try-AppTests */,
				E7F8A4272AE8DFEF00488F6A /* First-Try-AppUITests */,
				E7F8A40B2AE8DFEE00488F6A /* Products */,
			);
			sourceTree = "<group>";
		};
		E7F8A40B2AE8DFEE00488F6A /* Products */ = {
			isa = PBXGroup;
			children = (
				E7F8A40A2AE8DFEE00488F6A /* First-Try-App.app */,
				E7F8A41A2AE8DFEF00488F6A /* First-Try-AppTests.xctest */,
				E7F8A4242AE8DFEF00488F6A /* First-Try-AppUITests.xctest */,
			);
			name = Products;
			sourceTree = "<group>";
		};
		E7F8A40C2AE8DFEE00488F6A /* First-Try-App */ = {
			isa = PBXGroup;
			children = (
				E7F8A4442AEDF45D00488F6A /* Service */,
				E7F8A4422AEDF44200488F6A /* ViewModel */,
				E7F8A4412AEDF41E00488F6A /* App */,
				E7F8A43E2AEDF3EC00488F6A /* Model */,
				E7F8A4402AEDF40B00488F6A /* View */,
				E7F8A4112AE8DFEF00488F6A /* Assets.xcassets */,
				E7F8A4132AE8DFEF00488F6A /* Preview Content */,
			);
			path = "First-Try-App";
			sourceTree = "<group>";
		};
		E7F8A4132AE8DFEF00488F6A /* Preview Content */ = {
			isa = PBXGroup;
			children = (
				E7F8A4142AE8DFEF00488F6A /* Preview Assets.xcassets */,
			);
			path = "Preview Content";
			sourceTree = "<group>";
		};
		E7F8A41D2AE8DFEF00488F6A /* First-Try-AppTests */ = {
			isa = PBXGroup;
			children = (
				E7F8A41E2AE8DFEF00488F6A /* First_Try_AppTests.swift */,
			);
			path = "First-Try-AppTests";
			sourceTree = "<group>";
		};
		E7F8A4272AE8DFEF00488F6A /* First-Try-AppUITests */ = {
			isa = PBXGroup;
			children = (
				E7F8A4282AE8DFEF00488F6A /* First_Try_AppUITests.swift */,
				E7F8A42A2AE8DFEF00488F6A /* First_Try_AppUITestsLaunchTests.swift */,
			);
			path = "First-Try-AppUITests";
			sourceTree = "<group>";
		};
		E7F8A43E2AEDF3EC00488F6A /* Model */ = {
			isa = PBXGroup;
			children = (
				E7F8A4452AEDFC9300488F6A /* ImagePickerController.swift */,
			);
			path = Model;
			sourceTree = "<group>";
		};
		E7F8A4402AEDF40B00488F6A /* View */ = {
			isa = PBXGroup;
			children = (
				E7F8A40F2AE8DFEE00488F6A /* ContentView.swift */,
			);
			path = View;
			sourceTree = "<group>";
		};
		E7F8A4412AEDF41E00488F6A /* App */ = {
			isa = PBXGroup;
			children = (
				E7F8A40D2AE8DFEE00488F6A /* First_Try_AppApp.swift */,
			);
			path = App;
			sourceTree = "<group>";
		};
		E7F8A4422AEDF44200488F6A /* ViewModel */ = {
			isa = PBXGroup;
			children = (
			);
			path = ViewModel;
			sourceTree = "<group>";
		};
		E7F8A4442AEDF45D00488F6A /* Service */ = {
			isa = PBXGroup;
			children = (
			);
			path = Service;
			sourceTree = "<group>";
		};
/* End PBXGroup section */

/* Begin PBXNativeTarget section */
		E7F8A4092AE8DFEE00488F6A /* First-Try-App */ = {
			isa = PBXNativeTarget;
			buildConfigurationList = E7F8A42E2AE8DFEF00488F6A /* Build configuration list for PBXNativeTarget "First-Try-App" */;
			buildPhases = (
				E7F8A4062AE8DFEE00488F6A /* Sources */,
				E7F8A4072AE8DFEE00488F6A /* Frameworks */,
				E7F8A4082AE8DFEE00488F6A /* Resources */,
			);
			buildRules = (
			);
			dependencies = (
			);
			name = "First-Try-App";
			productName = "First-Try-App";
			productReference = E7F8A40A2AE8DFEE00488F6A /* First-Try-App.app */;
			productType = "com.apple.product-type.application";
		};
		E7F8A4192AE8DFEF00488F6A /* First-Try-AppTests */ = {
			isa = PBXNativeTarget;
			buildConfigurationList = E7F8A4312AE8DFEF00488F6A /* Build configuration list for PBXNativeTarget "First-Try-AppTests" */;
			buildPhases = (
				E7F8A4162AE8DFEF00488F6A /* Sources */,
				E7F8A4172AE8DFEF00488F6A /* Frameworks */,
				E7F8A4182AE8DFEF00488F6A /* Resources */,
			);
			buildRules = (
			);
			dependencies = (
				E7F8A41C2AE8DFEF00488F6A /* PBXTargetDependency */,
			);
			name = "First-Try-AppTests";
			productName = "First-Try-AppTests";
			productReference = E7F8A41A2AE8DFEF00488F6A /* First-Try-AppTests.xctest */;
			productType = "com.apple.product-type.bundle.unit-test";
		};
		E7F8A4232AE8DFEF00488F6A /* First-Try-AppUITests */ = {
			isa = PBXNativeTarget;
			buildConfigurationList = E7F8A4342AE8DFEF00488F6A /* Build configuration list for PBXNativeTarget "First-Try-AppUITests" */;
			buildPhases = (
				E7F8A4202AE8DFEF00488F6A /* Sources */,
				E7F8A4212AE8DFEF00488F6A /* Frameworks */,
				E7F8A4222AE8DFEF00488F6A /* Resources */,
			);
			buildRules = (
			);
			dependencies = (
				E7F8A4262AE8DFEF00488F6A /* PBXTargetDependency */,
			);
			name = "First-Try-AppUITests";
			productName = "First-Try-AppUITests";
			productReference = E7F8A4242AE8DFEF00488F6A /* First-Try-AppUITests.xctest */;
			productType = "com.apple.product-type.bundle.ui-testing";
		};
/* End PBXNativeTarget section */

/* Begin PBXProject section */
		E7F8A4022AE8DFEE00488F6A /* Project object */ = {
			isa = PBXProject;
			attributes = {
				BuildIndependentTargetsInParallel = 1;
				LastSwiftUpdateCheck = 1430;
				LastUpgradeCheck = 1430;
				TargetAttributes = {
					E7F8A4092AE8DFEE00488F6A = {
						CreatedOnToolsVersion = 14.3.1;
					};
					E7F8A4192AE8DFEF00488F6A = {
						CreatedOnToolsVersion = 14.3.1;
						TestTargetID = E7F8A4092AE8DFEE00488F6A;
					};
					E7F8A4232AE8DFEF00488F6A = {
						CreatedOnToolsVersion = 14.3.1;
						TestTargetID = E7F8A4092AE8DFEE00488F6A;
					};
				};
			};
			buildConfigurationList = E7F8A4052AE8DFEE00488F6A /* Build configuration list for PBXProject "First-Try-App" */;
			compatibilityVersion = "Xcode 14.0";
			developmentRegion = en;
			hasScannedForEncodings = 0;
			knownRegions = (
				en,
				Base,
			);
			mainGroup = E7F8A4012AE8DFEE00488F6A;
			productRefGroup = E7F8A40B2AE8DFEE00488F6A /* Products */;
			projectDirPath = "";
			projectRoot = "";
			targets = (
				E7F8A4092AE8DFEE00488F6A /* First-Try-App */,
				E7F8A4192AE8DFEF00488F6A /* First-Try-AppTests */,
				E7F8A4232AE8DFEF00488F6A /* First-Try-AppUITests */,
			);
		};
/* End PBXProject section */

/* Begin PBXResourcesBuildPhase section */
		E7F8A4082AE8DFEE00488F6A /* Resources */ = {
			isa = PBXResourcesBuildPhase;
			buildActionMask = 2147483647;
			files = (
				E7F8A4152AE8DFEF00488F6A /* Preview Assets.xcassets in Resources */,
				E7F8A4122AE8DFEF00488F6A /* Assets.xcassets in Resources */,
			);
			runOnlyForDeploymentPostprocessing = 0;
		};
		E7F8A4182AE8DFEF00488F6A /* Resources */ = {
			isa = PBXResourcesBuildPhase;
			buildActionMask = 2147483647;
			files = (
			);
			runOnlyForDeploymentPostprocessing = 0;
		};
		E7F8A4222AE8DFEF00488F6A /* Resources */ = {
			isa = PBXResourcesBuildPhase;
			buildActionMask = 2147483647;
			files = (
			);
			runOnlyForDeploymentPostprocessing = 0;
		};
/* End PBXResourcesBuildPhase section */

/* Begin PBXSourcesBuildPhase section */
		E7F8A4062AE8DFEE00488F6A /* Sources */ = {
			isa = PBXSourcesBuildPhase;
			buildActionMask = 2147483647;
			files = (
				E7F8A4102AE8DFEE00488F6A /* ContentView.swift in Sources */,
				E7F8A4462AEDFC9300488F6A /* ImagePickerController.swift in Sources */,
				E7F8A40E2AE8DFEE00488F6A /* First_Try_AppApp.swift in Sources */,
			);
			runOnlyForDeploymentPostprocessing = 0;
		};
		E7F8A4162AE8DFEF00488F6A /* Sources */ = {
			isa = PBXSourcesBuildPhase;
			buildActionMask = 2147483647;
			files = (
				E7F8A41F2AE8DFEF00488F6A /* First_Try_AppTests.swift in Sources */,
			);
			runOnlyForDeploymentPostprocessing = 0;
		};
		E7F8A4202AE8DFEF00488F6A /* Sources */ = {
			isa = PBXSourcesBuildPhase;
			buildActionMask = 2147483647;
			files = (
				E7F8A4292AE8DFEF00488F6A /* First_Try_AppUITests.swift in Sources */,
				E7F8A42B2AE8DFEF00488F6A /* First_Try_AppUITestsLaunchTests.swift in Sources */,
			);
			runOnlyForDeploymentPostprocessing = 0;
		};
/* End PBXSourcesBuildPhase section */

/* Begin PBXTargetDependency section */
		E7F8A41C2AE8DFEF00488F6A /* PBXTargetDependency */ = {
			isa = PBXTargetDependency;
			target = E7F8A4092AE8DFEE00488F6A /* First-Try-App */;
			targetProxy = E7F8A41B2AE8DFEF00488F6A /* PBXContainerItemProxy */;
		};
		E7F8A4262AE8DFEF00488F6A /* PBXTargetDependency */ = {
			isa = PBXTargetDependency;
			target = E7F8A4092AE8DFEE00488F6A /* First-Try-App */;
			targetProxy = E7F8A4252AE8DFEF00488F6A /* PBXContainerItemProxy */;
		};
/* End PBXTargetDependency section */

/* Begin XCBuildConfiguration section */
		E7F8A42C2AE8DFEF00488F6A /* Debug */ = {
			isa = XCBuildConfiguration;
			buildSettings = {
				ALWAYS_SEARCH_USER_PATHS = NO;
				CLANG_ANALYZER_NONNULL = YES;
				CLANG_ANALYZER_NUMBER_OBJECT_CONVERSION = YES_AGGRESSIVE;
				CLANG_CXX_LANGUAGE_STANDARD = "gnu++20";
				CLANG_ENABLE_MODULES = YES;
				CLANG_ENABLE_OBJC_ARC = YES;
				CLANG_ENABLE_OBJC_WEAK = YES;
				CLANG_WARN_BLOCK_CAPTURE_AUTORELEASING = YES;
				CLANG_WARN_BOOL_CONVERSION = YES;
				CLANG_WARN_COMMA = YES;
				CLANG_WARN_CONSTANT_CONVERSION = YES;
				CLANG_WARN_DEPRECATED_OBJC_IMPLEMENTATIONS = YES;
				CLANG_WARN_DIRECT_OBJC_ISA_USAGE = YES_ERROR;
				CLANG_WARN_DOCUMENTATION_COMMENTS = YES;
				CLANG_WARN_EMPTY_BODY = YES;
				CLANG_WARN_ENUM_CONVERSION = YES;
				CLANG_WARN_INFINITE_RECURSION = YES;
				CLANG_WARN_INT_CONVERSION = YES;
				CLANG_WARN_NON_LITERAL_NULL_CONVERSION = YES;
				CLANG_WARN_OBJC_IMPLICIT_RETAIN_SELF = YES;
				CLANG_WARN_OBJC_LITERAL_CONVERSION = YES;
				CLANG_WARN_OBJC_ROOT_CLASS = YES_ERROR;
				CLANG_WARN_QUOTED_INCLUDE_IN_FRAMEWORK_HEADER = YES;
				CLANG_WARN_RANGE_LOOP_ANALYSIS = YES;
				CLANG_WARN_STRICT_PROTOTYPES = YES;
				CLANG_WARN_SUSPICIOUS_MOVE = YES;
				CLANG_WARN_UNGUARDED_AVAILABILITY = YES_AGGRESSIVE;
				CLANG_WARN_UNREACHABLE_CODE = YES;
				CLANG_WARN__DUPLICATE_METHOD_MATCH = YES;
				COPY_PHASE_STRIP = NO;
				DEBUG_INFORMATION_FORMAT = dwarf;
				ENABLE_STRICT_OBJC_MSGSEND = YES;
				ENABLE_TESTABILITY = YES;
				GCC_C_LANGUAGE_STANDARD = gnu11;
				GCC_DYNAMIC_NO_PIC = NO;
				GCC_NO_COMMON_BLOCKS = YES;
				GCC_OPTIMIZATION_LEVEL = 0;
				GCC_PREPROCESSOR_DEFINITIONS = (
					"DEBUG=1",
					"$(inherited)",
				);
				GCC_WARN_64_TO_32_BIT_CONVERSION = YES;
				GCC_WARN_ABOUT_RETURN_TYPE = YES_ERROR;
				GCC_WARN_UNDECLARED_SELECTOR = YES;
				GCC_WARN_UNINITIALIZED_AUTOS = YES_AGGRESSIVE;
				GCC_WARN_UNUSED_FUNCTION = YES;
				GCC_WARN_UNUSED_VARIABLE = YES;
				IPHONEOS_DEPLOYMENT_TARGET = 16.4;
				MTL_ENABLE_DEBUG_INFO = INCLUDE_SOURCE;
				MTL_FAST_MATH = YES;
				ONLY_ACTIVE_ARCH = YES;
				SDKROOT = iphoneos;
				SWIFT_ACTIVE_COMPILATION_CONDITIONS = DEBUG;
				SWIFT_OPTIMIZATION_LEVEL = "-Onone";
			};
			name = Debug;
		};
		E7F8A42D2AE8DFEF00488F6A /* Release */ = {
			isa = XCBuildConfiguration;
			buildSettings = {
				ALWAYS_SEARCH_USER_PATHS = NO;
				CLANG_ANALYZER_NONNULL = YES;
				CLANG_ANALYZER_NUMBER_OBJECT_CONVERSION = YES_AGGRESSIVE;
				CLANG_CXX_LANGUAGE_STANDARD = "gnu++20";
				CLANG_ENABLE_MODULES = YES;
				CLANG_ENABLE_OBJC_ARC = YES;
				CLANG_ENABLE_OBJC_WEAK = YES;
				CLANG_WARN_BLOCK_CAPTURE_AUTORELEASING = YES;
				CLANG_WARN_BOOL_CONVERSION = YES;
				CLANG_WARN_COMMA = YES;
				CLANG_WARN_CONSTANT_CONVERSION = YES;
				CLANG_WARN_DEPRECATED_OBJC_IMPLEMENTATIONS = YES;
				CLANG_WARN_DIRECT_OBJC_ISA_USAGE = YES_ERROR;
				CLANG_WARN_DOCUMENTATION_COMMENTS = YES;
				CLANG_WARN_EMPTY_BODY = YES;
				CLANG_WARN_ENUM_CONVERSION = YES;
				CLANG_WARN_INFINITE_RECURSION = YES;
				CLANG_WARN_INT_CONVERSION = YES;
				CLANG_WARN_NON_LITERAL_NULL_CONVERSION = YES;
				CLANG_WARN_OBJC_IMPLICIT_RETAIN_SELF = YES;
				CLANG_WARN_OBJC_LITERAL_CONVERSION = YES;
				CLANG_WARN_OBJC_ROOT_CLASS = YES_ERROR;
				CLANG_WARN_QUOTED_INCLUDE_IN_FRAMEWORK_HEADER = YES;
				CLANG_WARN_RANGE_LOOP_ANALYSIS = YES;
				CLANG_WARN_STRICT_PROTOTYPES = YES;
				CLANG_WARN_SUSPICIOUS_MOVE = YES;
				CLANG_WARN_UNGUARDED_AVAILABILITY = YES_AGGRESSIVE;
				CLANG_WARN_UNREACHABLE_CODE = YES;
				CLANG_WARN__DUPLICATE_METHOD_MATCH = YES;
				COPY_PHASE_STRIP = NO;
				DEBUG_INFORMATION_FORMAT = "dwarf-with-dsym";
				ENABLE_NS_ASSERTIONS = NO;
				ENABLE_STRICT_OBJC_MSGSEND = YES;
				GCC_C_LANGUAGE_STANDARD = gnu11;
				GCC_NO_COMMON_BLOCKS = YES;
				GCC_WARN_64_TO_32_BIT_CONVERSION = YES;
				GCC_WARN_ABOUT_RETURN_TYPE = YES_ERROR;
				GCC_WARN_UNDECLARED_SELECTOR = YES;
				GCC_WARN_UNINITIALIZED_AUTOS = YES_AGGRESSIVE;
				GCC_WARN_UNUSED_FUNCTION = YES;
				GCC_WARN_UNUSED_VARIABLE = YES;
				IPHONEOS_DEPLOYMENT_TARGET = 16.4;
				MTL_ENABLE_DEBUG_INFO = NO;
				MTL_FAST_MATH = YES;
				SDKROOT = iphoneos;
				SWIFT_COMPILATION_MODE = wholemodule;
				SWIFT_OPTIMIZATION_LEVEL = "-O";
				VALIDATE_PRODUCT = YES;
			};
			name = Release;
		};
		E7F8A42F2AE8DFEF00488F6A /* Debug */ = {
			isa = XCBuildConfiguration;
			buildSettings = {
				ASSETCATALOG_COMPILER_APPICON_NAME = AppIcon;
				ASSETCATALOG_COMPILER_GLOBAL_ACCENT_COLOR_NAME = AccentColor;
				CODE_SIGN_STYLE = Automatic;
				CURRENT_PROJECT_VERSION = 1;
				DEVELOPMENT_ASSET_PATHS = "\"First-Try-App/Preview Content\"";
				DEVELOPMENT_TEAM = 2V3KEJRT5G;
				ENABLE_PREVIEWS = YES;
				GENERATE_INFOPLIST_FILE = YES;
				INFOPLIST_KEY_UIApplicationSceneManifest_Generation = YES;
				INFOPLIST_KEY_UIApplicationSupportsIndirectInputEvents = YES;
				INFOPLIST_KEY_UILaunchScreen_Generation = YES;
				INFOPLIST_KEY_UISupportedInterfaceOrientations_iPad = "UIInterfaceOrientationPortrait UIInterfaceOrientationPortraitUpsideDown UIInterfaceOrientationLandscapeLeft UIInterfaceOrientationLandscapeRight";
				INFOPLIST_KEY_UISupportedInterfaceOrientations_iPhone = "UIInterfaceOrientationPortrait UIInterfaceOrientationLandscapeLeft UIInterfaceOrientationLandscapeRight";
				LD_RUNPATH_SEARCH_PATHS = (
					"$(inherited)",
					"@executable_path/Frameworks",
				);
				MARKETING_VERSION = 1.0;
				PRODUCT_BUNDLE_IDENTIFIER = "CISTeam.First-Try-App";
				PRODUCT_NAME = "$(TARGET_NAME)";
				SWIFT_EMIT_LOC_STRINGS = YES;
				SWIFT_VERSION = 5.0;
				TARGETED_DEVICE_FAMILY = "1,2";
			};
			name = Debug;
		};
		E7F8A4302AE8DFEF00488F6A /* Release */ = {
			isa = XCBuildConfiguration;
			buildSettings = {
				ASSETCATALOG_COMPILER_APPICON_NAME = AppIcon;
				ASSETCATALOG_COMPILER_GLOBAL_ACCENT_COLOR_NAME = AccentColor;
				CODE_SIGN_STYLE = Automatic;
				CURRENT_PROJECT_VERSION = 1;
				DEVELOPMENT_ASSET_PATHS = "\"First-Try-App/Preview Content\"";
				DEVELOPMENT_TEAM = 2V3KEJRT5G;
				ENABLE_PREVIEWS = YES;
				GENERATE_INFOPLIST_FILE = YES;
				INFOPLIST_KEY_UIApplicationSceneManifest_Generation = YES;
				INFOPLIST_KEY_UIApplicationSupportsIndirectInputEvents = YES;
				INFOPLIST_KEY_UILaunchScreen_Generation = YES;
				INFOPLIST_KEY_UISupportedInterfaceOrientations_iPad = "UIInterfaceOrientationPortrait UIInterfaceOrientationPortraitUpsideDown UIInterfaceOrientationLandscapeLeft UIInterfaceOrientationLandscapeRight";
				INFOPLIST_KEY_UISupportedInterfaceOrientations_iPhone = "UIInterfaceOrientationPortrait UIInterfaceOrientationLandscapeLeft UIInterfaceOrientationLandscapeRight";
				LD_RUNPATH_SEARCH_PATHS = (
					"$(inherited)",
					"@executable_path/Frameworks",
				);
				MARKETING_VERSION = 1.0;
				PRODUCT_BUNDLE_IDENTIFIER = "CISTeam.First-Try-App";
				PRODUCT_NAME = "$(TARGET_NAME)";
				SWIFT_EMIT_LOC_STRINGS = YES;
				SWIFT_VERSION = 5.0;
				TARGETED_DEVICE_FAMILY = "1,2";
			};
			name = Release;
		};
		E7F8A4322AE8DFEF00488F6A /* Debug */ = {
			isa = XCBuildConfiguration;
			buildSettings = {
				ALWAYS_EMBED_SWIFT_STANDARD_LIBRARIES = YES;
				BUNDLE_LOADER = "$(TEST_HOST)";
				CODE_SIGN_STYLE = Automatic;
				CURRENT_PROJECT_VERSION = 1;
				DEVELOPMENT_TEAM = 2V3KEJRT5G;
				GENERATE_INFOPLIST_FILE = YES;
				IPHONEOS_DEPLOYMENT_TARGET = 16.4;
				MARKETING_VERSION = 1.0;
				PRODUCT_BUNDLE_IDENTIFIER = "CISTeam.First-Try-AppTests";
				PRODUCT_NAME = "$(TARGET_NAME)";
				SWIFT_EMIT_LOC_STRINGS = NO;
				SWIFT_VERSION = 5.0;
				TARGETED_DEVICE_FAMILY = "1,2";
				TEST_HOST = "$(BUILT_PRODUCTS_DIR)/First-Try-App.app/$(BUNDLE_EXECUTABLE_FOLDER_PATH)/First-Try-App";
			};
			name = Debug;
		};
		E7F8A4332AE8DFEF00488F6A /* Release */ = {
			isa = XCBuildConfiguration;
			buildSettings = {
				ALWAYS_EMBED_SWIFT_STANDARD_LIBRARIES = YES;
				BUNDLE_LOADER = "$(TEST_HOST)";
				CODE_SIGN_STYLE = Automatic;
				CURRENT_PROJECT_VERSION = 1;
				DEVELOPMENT_TEAM = 2V3KEJRT5G;
				GENERATE_INFOPLIST_FILE = YES;
				IPHONEOS_DEPLOYMENT_TARGET = 16.4;
				MARKETING_VERSION = 1.0;
				PRODUCT_BUNDLE_IDENTIFIER = "CISTeam.First-Try-AppTests";
				PRODUCT_NAME = "$(TARGET_NAME)";
				SWIFT_EMIT_LOC_STRINGS = NO;
				SWIFT_VERSION = 5.0;
				TARGETED_DEVICE_FAMILY = "1,2";
				TEST_HOST = "$(BUILT_PRODUCTS_DIR)/First-Try-App.app/$(BUNDLE_EXECUTABLE_FOLDER_PATH)/First-Try-App";
			};
			name = Release;
		};
		E7F8A4352AE8DFEF00488F6A /* Debug */ = {
			isa = XCBuildConfiguration;
			buildSettings = {
				ALWAYS_EMBED_SWIFT_STANDARD_LIBRARIES = YES;
				CODE_SIGN_STYLE = Automatic;
				CURRENT_PROJECT_VERSION = 1;
				DEVELOPMENT_TEAM = 2V3KEJRT5G;
				GENERATE_INFOPLIST_FILE = YES;
				MARKETING_VERSION = 1.0;
				PRODUCT_BUNDLE_IDENTIFIER = "CISTeam.First-Try-AppUITests";
				PRODUCT_NAME = "$(TARGET_NAME)";
				SWIFT_EMIT_LOC_STRINGS = NO;
				SWIFT_VERSION = 5.0;
				TARGETED_DEVICE_FAMILY = "1,2";
				TEST_TARGET_NAME = "First-Try-App";
			};
			name = Debug;
		};
		E7F8A4362AE8DFEF00488F6A /* Release */ = {
			isa = XCBuildConfiguration;
			buildSettings = {
				ALWAYS_EMBED_SWIFT_STANDARD_LIBRARIES = YES;
				CODE_SIGN_STYLE = Automatic;
				CURRENT_PROJECT_VERSION = 1;
				DEVELOPMENT_TEAM = 2V3KEJRT5G;
				GENERATE_INFOPLIST_FILE = YES;
				MARKETING_VERSION = 1.0;
				PRODUCT_BUNDLE_IDENTIFIER = "CISTeam.First-Try-AppUITests";
				PRODUCT_NAME = "$(TARGET_NAME)";
				SWIFT_EMIT_LOC_STRINGS = NO;
				SWIFT_VERSION = 5.0;
				TARGETED_DEVICE_FAMILY = "1,2";
				TEST_TARGET_NAME = "First-Try-App";
			};
			name = Release;
		};
/* End XCBuildConfiguration section */

/* Begin XCConfigurationList section */
		E7F8A4052AE8DFEE00488F6A /* Build configuration list for PBXProject "First-Try-App" */ = {
			isa = XCConfigurationList;
			buildConfigurations = (
				E7F8A42C2AE8DFEF00488F6A /* Debug */,
				E7F8A42D2AE8DFEF00488F6A /* Release */,
			);
			defaultConfigurationIsVisible = 0;
			defaultConfigurationName = Release;
		};
		E7F8A42E2AE8DFEF00488F6A /* Build configuration list for PBXNativeTarget "First-Try-App" */ = {
			isa = XCConfigurationList;
			buildConfigurations = (
				E7F8A42F2AE8DFEF00488F6A /* Debug */,
				E7F8A4302AE8DFEF00488F6A /* Release */,
			);
			defaultConfigurationIsVisible = 0;
			defaultConfigurationName = Release;
		};
		E7F8A4312AE8DFEF00488F6A /* Build configuration list for PBXNativeTarget "First-Try-AppTests" */ = {
			isa = XCConfigurationList;
			buildConfigurations = (
				E7F8A4322AE8DFEF00488F6A /* Debug */,
				E7F8A4332AE8DFEF00488F6A /* Release */,
			);
			defaultConfigurationIsVisible = 0;
			defaultConfigurationName = Release;
		};
		E7F8A4342AE8DFEF00488F6A /* Build configuration list for PBXNativeTarget "First-Try-AppUITests" */ = {
			isa = XCConfigurationList;
			buildConfigurations = (
				E7F8A4352AE8DFEF00488F6A /* Debug */,
				E7F8A4362AE8DFEF00488F6A /* Release */,
			);
			defaultConfigurationIsVisible = 0;
			defaultConfigurationName = Release;
		};
/* End XCConfigurationList section */
	};
	rootObject = E7F8A4022AE8DFEE00488F6A /* Project object */;
}
